// !$*UTF8*$!
{
	archiveVersion = 1;
	classes = {
	};
	objectVersion = 55;
	objects = {

/* Begin PBXBuildFile section */
		84AFFC0128CCCC59001AA8AB /* Project14_BucketListApp.swift in Sources */ = {isa = PBXBuildFile; fileRef = 84AFFC0028CCCC59001AA8AB /* Project14_BucketListApp.swift */; };
		84AFFC0328CCCC59001AA8AB /* ContentView.swift in Sources */ = {isa = PBXBuildFile; fileRef = 84AFFC0228CCCC59001AA8AB /* ContentView.swift */; };
		84AFFC0528CCCC5D001AA8AB /* Assets.xcassets in Resources */ = {isa = PBXBuildFile; fileRef = 84AFFC0428CCCC5D001AA8AB /* Assets.xcassets */; };
		84AFFC0828CCCC5D001AA8AB /* Preview Assets.xcassets in Resources */ = {isa = PBXBuildFile; fileRef = 84AFFC0728CCCC5D001AA8AB /* Preview Assets.xcassets */; };
		84AFFC0F28CCD0EA001AA8AB /* FileManager-DocumentsDirectory.swift in Sources */ = {isa = PBXBuildFile; fileRef = 84AFFC0E28CCD0EA001AA8AB /* FileManager-DocumentsDirectory.swift */; };
		84AFFC1128CE0EC4001AA8AB /* Location.swift in Sources */ = {isa = PBXBuildFile; fileRef = 84AFFC1028CE0EC4001AA8AB /* Location.swift */; };
		84AFFC1328CE1936001AA8AB /* EditView.swift in Sources */ = {isa = PBXBuildFile; fileRef = 84AFFC1228CE1936001AA8AB /* EditView.swift */; };
		84AFFC1528CE215F001AA8AB /* Result.swift in Sources */ = {isa = PBXBuildFile; fileRef = 84AFFC1428CE215F001AA8AB /* Result.swift */; };
		84AFFC1728CE2CFE001AA8AB /* ContentView-ViewModel.swift in Sources */ = {isa = PBXBuildFile; fileRef = 84AFFC1628CE2CFE001AA8AB /* ContentView-ViewModel.swift */; };
		84AFFC1928CE3C8C001AA8AB /* EditView-ViewModel.swift in Sources */ = {isa = PBXBuildFile; fileRef = 84AFFC1828CE3C8C001AA8AB /* EditView-ViewModel.swift */; };
/* End PBXBuildFile section */

/* Begin PBXFileReference section */
		84AFFBFD28CCCC59001AA8AB /* Project14_BucketList.app */ = {isa = PBXFileReference; explicitFileType = wrapper.application; includeInIndex = 0; path = Project14_BucketList.app; sourceTree = BUILT_PRODUCTS_DIR; };
		84AFFC0028CCCC59001AA8AB /* Project14_BucketListApp.swift */ = {isa = PBXFileReference; lastKnownFileType = sourcecode.swift; path = Project14_BucketListApp.swift; sourceTree = "<group>"; };
		84AFFC0228CCCC59001AA8AB /* ContentView.swift */ = {isa = PBXFileReference; lastKnownFileType = sourcecode.swift; path = ContentView.swift; sourceTree = "<group>"; };
		84AFFC0428CCCC5D001AA8AB /* Assets.xcassets */ = {isa = PBXFileReference; lastKnownFileType = folder.assetcatalog; path = Assets.xcassets; sourceTree = "<group>"; };
		84AFFC0728CCCC5D001AA8AB /* Preview Assets.xcassets */ = {isa = PBXFileReference; lastKnownFileType = folder.assetcatalog; path = "Preview Assets.xcassets"; sourceTree = "<group>"; };
		84AFFC0E28CCD0EA001AA8AB /* FileManager-DocumentsDirectory.swift */ = {isa = PBXFileReference; lastKnownFileType = sourcecode.swift; path = "FileManager-DocumentsDirectory.swift"; sourceTree = "<group>"; };
		84AFFC1028CE0EC4001AA8AB /* Location.swift */ = {isa = PBXFileReference; lastKnownFileType = sourcecode.swift; path = Location.swift; sourceTree = "<group>"; };
		84AFFC1228CE1936001AA8AB /* EditView.swift */ = {isa = PBXFileReference; lastKnownFileType = sourcecode.swift; path = EditView.swift; sourceTree = "<group>"; };
		84AFFC1428CE215F001AA8AB /* Result.swift */ = {isa = PBXFileReference; lastKnownFileType = sourcecode.swift; path = Result.swift; sourceTree = "<group>"; };
		84AFFC1628CE2CFE001AA8AB /* ContentView-ViewModel.swift */ = {isa = PBXFileReference; lastKnownFileType = sourcecode.swift; path = "ContentView-ViewModel.swift"; sourceTree = "<group>"; };
		84AFFC1828CE3C8C001AA8AB /* EditView-ViewModel.swift */ = {isa = PBXFileReference; lastKnownFileType = sourcecode.swift; path = "EditView-ViewModel.swift"; sourceTree = "<group>"; };
/* End PBXFileReference section */

/* Begin PBXFrameworksBuildPhase section */
		84AFFBFA28CCCC59001AA8AB /* Frameworks */ = {
			isa = PBXFrameworksBuildPhase;
			buildActionMask = 2147483647;
			files = (
			);
			runOnlyForDeploymentPostprocessing = 0;
		};
/* End PBXFrameworksBuildPhase section */

/* Begin PBXGroup section */
		84AFFBF428CCCC59001AA8AB = {
			isa = PBXGroup;
			children = (
				84AFFBFF28CCCC59001AA8AB /* Project14_BucketList */,
				84AFFBFE28CCCC59001AA8AB /* Products */,
			);
			sourceTree = "<group>";
		};
		84AFFBFE28CCCC59001AA8AB /* Products */ = {
			isa = PBXGroup;
			children = (
				84AFFBFD28CCCC59001AA8AB /* Project14_BucketList.app */,
			);
			name = Products;
			sourceTree = "<group>";
		};
		84AFFBFF28CCCC59001AA8AB /* Project14_BucketList */ = {
			isa = PBXGroup;
			children = (
				84AFFC0028CCCC59001AA8AB /* Project14_BucketListApp.swift */,
				84AFFC0228CCCC59001AA8AB /* ContentView.swift */,
				84AFFC1628CE2CFE001AA8AB /* ContentView-ViewModel.swift */,
				84AFFC1228CE1936001AA8AB /* EditView.swift */,
				84AFFC1828CE3C8C001AA8AB /* EditView-ViewModel.swift */,
				84AFFC1028CE0EC4001AA8AB /* Location.swift */,
				84AFFC1428CE215F001AA8AB /* Result.swift */,
				84AFFC0E28CCD0EA001AA8AB /* FileManager-DocumentsDirectory.swift */,
				84AFFC0428CCCC5D001AA8AB /* Assets.xcassets */,
				84AFFC0628CCCC5D001AA8AB /* Preview Content */,
			);
			path = Project14_BucketList;
			sourceTree = "<group>";
		};
		84AFFC0628CCCC5D001AA8AB /* Preview Content */ = {
			isa = PBXGroup;
			children = (
				84AFFC0728CCCC5D001AA8AB /* Preview Assets.xcassets */,
			);
			path = "Preview Content";
			sourceTree = "<group>";
		};
/* End PBXGroup section */

/* Begin PBXNativeTarget section */
		84AFFBFC28CCCC59001AA8AB /* Project14_BucketList */ = {
			isa = PBXNativeTarget;
			buildConfigurationList = 84AFFC0B28CCCC5D001AA8AB /* Build configuration list for PBXNativeTarget "Project14_BucketList" */;
			buildPhases = (
				84AFFBF928CCCC59001AA8AB /* Sources */,
				84AFFBFA28CCCC59001AA8AB /* Frameworks */,
				84AFFBFB28CCCC59001AA8AB /* Resources */,
			);
			buildRules = (
			);
			dependencies = (
			);
			name = Project14_BucketList;
			productName = Project14_BucketList;
			productReference = 84AFFBFD28CCCC59001AA8AB /* Project14_BucketList.app */;
			productType = "com.apple.product-type.application";
		};
/* End PBXNativeTarget section */

/* Begin PBXProject section */
		84AFFBF528CCCC59001AA8AB /* Project object */ = {
			isa = PBXProject;
			attributes = {
				BuildIndependentTargetsInParallel = 1;
				LastSwiftUpdateCheck = 1340;
				LastUpgradeCheck = 1340;
				TargetAttributes = {
					84AFFBFC28CCCC59001AA8AB = {
						CreatedOnToolsVersion = 13.4.1;
					};
				};
			};
			buildConfigurationList = 84AFFBF828CCCC59001AA8AB /* Build configuration list for PBXProject "Project14_BucketList" */;
			compatibilityVersion = "Xcode 13.0";
			developmentRegion = en;
			hasScannedForEncodings = 0;
			knownRegions = (
				en,
				Base,
			);
			mainGroup = 84AFFBF428CCCC59001AA8AB;
			productRefGroup = 84AFFBFE28CCCC59001AA8AB /* Products */;
			projectDirPath = "";
			projectRoot = "";
			targets = (
				84AFFBFC28CCCC59001AA8AB /* Project14_BucketList */,
			);
		};
/* End PBXProject section */

/* Begin PBXResourcesBuildPhase section */
		84AFFBFB28CCCC59001AA8AB /* Resources */ = {
			isa = PBXResourcesBuildPhase;
			buildActionMask = 2147483647;
			files = (
				84AFFC0828CCCC5D001AA8AB /* Preview Assets.xcassets in Resources */,
				84AFFC0528CCCC5D001AA8AB /* Assets.xcassets in Resources */,
			);
			runOnlyForDeploymentPostprocessing = 0;
		};
/* End PBXResourcesBuildPhase section */

/* Begin PBXSourcesBuildPhase section */
		84AFFBF928CCCC59001AA8AB /* Sources */ = {
			isa = PBXSourcesBuildPhase;
			buildActionMask = 2147483647;
			files = (
				84AFFC1528CE215F001AA8AB /* Result.swift in Sources */,
				84AFFC0328CCCC59001AA8AB /* ContentView.swift in Sources */,
				84AFFC1328CE1936001AA8AB /* EditView.swift in Sources */,
				84AFFC0128CCCC59001AA8AB /* Project14_BucketListApp.swift in Sources */,
				84AFFC1128CE0EC4001AA8AB /* Location.swift in Sources */,
				84AFFC1928CE3C8C001AA8AB /* EditView-ViewModel.swift in Sources */,
				84AFFC1728CE2CFE001AA8AB /* ContentView-ViewModel.swift in Sources */,
				84AFFC0F28CCD0EA001AA8AB /* FileManager-DocumentsDirectory.swift in Sources */,
			);
			runOnlyForDeploymentPostprocessing = 0;
		};
/* End PBXSourcesBuildPhase section */

/* Begin XCBuildConfiguration section */
		84AFFC0928CCCC5D001AA8AB /* Debug */ = {
			isa = XCBuildConfiguration;
			buildSettings = {
				ALWAYS_SEARCH_USER_PATHS = NO;
				CLANG_ANALYZER_NONNULL = YES;
				CLANG_ANALYZER_NUMBER_OBJECT_CONVERSION = YES_AGGRESSIVE;
				CLANG_CXX_LANGUAGE_STANDARD = "gnu++17";
				CLANG_ENABLE_MODULES = YES;
				CLANG_ENABLE_OBJC_ARC = YES;
				CLANG_ENABLE_OBJC_WEAK = YES;
				CLANG_WARN_BLOCK_CAPTURE_AUTORELEASING = YES;
				CLANG_WARN_BOOL_CONVERSION = YES;
				CLANG_WARN_COMMA = YES;
				CLANG_WARN_CONSTANT_CONVERSION = YES;
				CLANG_WARN_DEPRECATED_OBJC_IMPLEMENTATIONS = YES;
				CLANG_WARN_DIRECT_OBJC_ISA_USAGE = YES_ERROR;
				CLANG_WARN_DOCUMENTATION_COMMENTS = YES;
				CLANG_WARN_EMPTY_BODY = YES;
				CLANG_WARN_ENUM_CONVERSION = YES;
				CLANG_WARN_INFINITE_RECURSION = YES;
				CLANG_WARN_INT_CONVERSION = YES;
				CLANG_WARN_NON_LITERAL_NULL_CONVERSION = YES;
				CLANG_WARN_OBJC_IMPLICIT_RETAIN_SELF = YES;
				CLANG_WARN_OBJC_LITERAL_CONVERSION = YES;
				CLANG_WARN_OBJC_ROOT_CLASS = YES_ERROR;
				CLANG_WARN_QUOTED_INCLUDE_IN_FRAMEWORK_HEADER = YES;
				CLANG_WARN_RANGE_LOOP_ANALYSIS = YES;
				CLANG_WARN_STRICT_PROTOTYPES = YES;
				CLANG_WARN_SUSPICIOUS_MOVE = YES;
				CLANG_WARN_UNGUARDED_AVAILABILITY = YES_AGGRESSIVE;
				CLANG_WARN_UNREACHABLE_CODE = YES;
				CLANG_WARN__DUPLICATE_METHOD_MATCH = YES;
				COPY_PHASE_STRIP = NO;
				DEBUG_INFORMATION_FORMAT = dwarf;
				ENABLE_STRICT_OBJC_MSGSEND = YES;
				ENABLE_TESTABILITY = YES;
				GCC_C_LANGUAGE_STANDARD = gnu11;
				GCC_DYNAMIC_NO_PIC = NO;
				GCC_NO_COMMON_BLOCKS = YES;
				GCC_OPTIMIZATION_LEVEL = 0;
				GCC_PREPROCESSOR_DEFINITIONS = (
					"DEBUG=1",
					"$(inherited)",
				);
				GCC_WARN_64_TO_32_BIT_CONVERSION = YES;
				GCC_WARN_ABOUT_RETURN_TYPE = YES_ERROR;
				GCC_WARN_UNDECLARED_SELECTOR = YES;
				GCC_WARN_UNINITIALIZED_AUTOS = YES_AGGRESSIVE;
				GCC_WARN_UNUSED_FUNCTION = YES;
				GCC_WARN_UNUSED_VARIABLE = YES;
				IPHONEOS_DEPLOYMENT_TARGET = 15.5;
				MTL_ENABLE_DEBUG_INFO = INCLUDE_SOURCE;
				MTL_FAST_MATH = YES;
				ONLY_ACTIVE_ARCH = YES;
				SDKROOT = iphoneos;
				SWIFT_ACTIVE_COMPILATION_CONDITIONS = DEBUG;
				SWIFT_OPTIMIZATION_LEVEL = "-Onone";
			};
			name = Debug;
		};
		84AFFC0A28CCCC5D001AA8AB /* Release */ = {
			isa = XCBuildConfiguration;
			buildSettings = {
				ALWAYS_SEARCH_USER_PATHS = NO;
				CLANG_ANALYZER_NONNULL = YES;
				CLANG_ANALYZER_NUMBER_OBJECT_CONVERSION = YES_AGGRESSIVE;
				CLANG_CXX_LANGUAGE_STANDARD = "gnu++17";
				CLANG_ENABLE_MODULES = YES;
				CLANG_ENABLE_OBJC_ARC = YES;
				CLANG_ENABLE_OBJC_WEAK = YES;
				CLANG_WARN_BLOCK_CAPTURE_AUTORELEASING = YES;
				CLANG_WARN_BOOL_CONVERSION = YES;
				CLANG_WARN_COMMA = YES;
				CLANG_WARN_CONSTANT_CONVERSION = YES;
				CLANG_WARN_DEPRECATED_OBJC_IMPLEMENTATIONS = YES;
				CLANG_WARN_DIRECT_OBJC_ISA_USAGE = YES_ERROR;
				CLANG_WARN_DOCUMENTATION_COMMENTS = YES;
				CLANG_WARN_EMPTY_BODY = YES;
				CLANG_WARN_ENUM_CONVERSION = YES;
				CLANG_WARN_INFINITE_RECURSION = YES;
				CLANG_WARN_INT_CONVERSION = YES;
				CLANG_WARN_NON_LITERAL_NULL_CONVERSION = YES;
				CLANG_WARN_OBJC_IMPLICIT_RETAIN_SELF = YES;
				CLANG_WARN_OBJC_LITERAL_CONVERSION = YES;
				CLANG_WARN_OBJC_ROOT_CLASS = YES_ERROR;
				CLANG_WARN_QUOTED_INCLUDE_IN_FRAMEWORK_HEADER = YES;
				CLANG_WARN_RANGE_LOOP_ANALYSIS = YES;
				CLANG_WARN_STRICT_PROTOTYPES = YES;
				CLANG_WARN_SUSPICIOUS_MOVE = YES;
				CLANG_WARN_UNGUARDED_AVAILABILITY = YES_AGGRESSIVE;
				CLANG_WARN_UNREACHABLE_CODE = YES;
				CLANG_WARN__DUPLICATE_METHOD_MATCH = YES;
				COPY_PHASE_STRIP = NO;
				DEBUG_INFORMATION_FORMAT = "dwarf-with-dsym";
				ENABLE_NS_ASSERTIONS = NO;
				ENABLE_STRICT_OBJC_MSGSEND = YES;
				GCC_C_LANGUAGE_STANDARD = gnu11;
				GCC_NO_COMMON_BLOCKS = YES;
				GCC_WARN_64_TO_32_BIT_CONVERSION = YES;
				GCC_WARN_ABOUT_RETURN_TYPE = YES_ERROR;
				GCC_WARN_UNDECLARED_SELECTOR = YES;
				GCC_WARN_UNINITIALIZED_AUTOS = YES_AGGRESSIVE;
				GCC_WARN_UNUSED_FUNCTION = YES;
				GCC_WARN_UNUSED_VARIABLE = YES;
				IPHONEOS_DEPLOYMENT_TARGET = 15.5;
				MTL_ENABLE_DEBUG_INFO = NO;
				MTL_FAST_MATH = YES;
				SDKROOT = iphoneos;
				SWIFT_COMPILATION_MODE = wholemodule;
				SWIFT_OPTIMIZATION_LEVEL = "-O";
				VALIDATE_PRODUCT = YES;
			};
			name = Release;
		};
		84AFFC0C28CCCC5D001AA8AB /* Debug */ = {
			isa = XCBuildConfiguration;
			buildSettings = {
				ASSETCATALOG_COMPILER_APPICON_NAME = AppIcon;
				ASSETCATALOG_COMPILER_GLOBAL_ACCENT_COLOR_NAME = AccentColor;
				CODE_SIGN_STYLE = Automatic;
				CURRENT_PROJECT_VERSION = 1;
				DEVELOPMENT_ASSET_PATHS = "\"Project14_BucketList/Preview Content\"";
				DEVELOPMENT_TEAM = R7U57FJ9PH;
				ENABLE_PREVIEWS = YES;
				GENERATE_INFOPLIST_FILE = YES;
				INFOPLIST_KEY_NSFaceIDUsageDescription = "Please authenticate yourself to unloc your places.";
				INFOPLIST_KEY_UIApplicationSceneManifest_Generation = YES;
				INFOPLIST_KEY_UIApplicationSupportsIndirectInputEvents = YES;
				INFOPLIST_KEY_UILaunchScreen_Generation = YES;
				INFOPLIST_KEY_UISupportedInterfaceOrientations_iPad = "UIInterfaceOrientationPortrait UIInterfaceOrientationPortraitUpsideDown UIInterfaceOrientationLandscapeLeft UIInterfaceOrientationLandscapeRight";
				INFOPLIST_KEY_UISupportedInterfaceOrientations_iPhone = "UIInterfaceOrientationPortrait UIInterfaceOrientationLandscapeLeft UIInterfaceOrientationLandscapeRight";
				LD_RUNPATH_SEARCH_PATHS = (
					"$(inherited)",
					"@executable_path/Frameworks",
				);
				MARKETING_VERSION = 1.0;
				PRODUCT_BUNDLE_IDENTIFIER = "matvii.Project14-BucketList";
				PRODUCT_NAME = "$(TARGET_NAME)";
				SWIFT_EMIT_LOC_STRINGS = YES;
				SWIFT_VERSION = 5.0;
				TARGETED_DEVICE_FAMILY = "1,2";
			};
			name = Debug;
		};
		84AFFC0D28CCCC5D001AA8AB /* Release */ = {
			isa = XCBuildConfiguration;
			buildSettings = {
				ASSETCATALOG_COMPILER_APPICON_NAME = AppIcon;
				ASSETCATALOG_COMPILER_GLOBAL_ACCENT_COLOR_NAME = AccentColor;
				CODE_SIGN_STYLE = Automatic;
				CURRENT_PROJECT_VERSION = 1;
				DEVELOPMENT_ASSET_PATHS = "\"Project14_BucketList/Preview Content\"";
				DEVELOPMENT_TEAM = R7U57FJ9PH;
				ENABLE_PREVIEWS = YES;
				GENERATE_INFOPLIST_FILE = YES;
				INFOPLIST_KEY_NSFaceIDUsageDescription = "Please authenticate yourself to unloc your places.";
				INFOPLIST_KEY_UIApplicationSceneManifest_Generation = YES;
				INFOPLIST_KEY_UIApplicationSupportsIndirectInputEvents = YES;
				INFOPLIST_KEY_UILaunchScreen_Generation = YES;
				INFOPLIST_KEY_UISupportedInterfaceOrientations_iPad = "UIInterfaceOrientationPortrait UIInterfaceOrientationPortraitUpsideDown UIInterfaceOrientationLandscapeLeft UIInterfaceOrientationLandscapeRight";
				INFOPLIST_KEY_UISupportedInterfaceOrientations_iPhone = "UIInterfaceOrientationPortrait UIInterfaceOrientationLandscapeLeft UIInterfaceOrientationLandscapeRight";
				LD_RUNPATH_SEARCH_PATHS = (
					"$(inherited)",
					"@executable_path/Frameworks",
				);
				MARKETING_VERSION = 1.0;
				PRODUCT_BUNDLE_IDENTIFIER = "matvii.Project14-BucketList";
				PRODUCT_NAME = "$(TARGET_NAME)";
				SWIFT_EMIT_LOC_STRINGS = YES;
				SWIFT_VERSION = 5.0;
				TARGETED_DEVICE_FAMILY = "1,2";
			};
			name = Release;
		};
/* End XCBuildConfiguration section */

/* Begin XCConfigurationList section */
		84AFFBF828CCCC59001AA8AB /* Build configuration list for PBXProject "Project14_BucketList" */ = {
			isa = XCConfigurationList;
			buildConfigurations = (
				84AFFC0928CCCC5D001AA8AB /* Debug */,
				84AFFC0A28CCCC5D001AA8AB /* Release */,
			);
			defaultConfigurationIsVisible = 0;
			defaultConfigurationName = Release;
		};
		84AFFC0B28CCCC5D001AA8AB /* Build configuration list for PBXNativeTarget "Project14_BucketList" */ = {
			isa = XCConfigurationList;
			buildConfigurations = (
				84AFFC0C28CCCC5D001AA8AB /* Debug */,
				84AFFC0D28CCCC5D001AA8AB /* Release */,
			);
			defaultConfigurationIsVisible = 0;
			defaultConfigurationName = Release;
		};
/* End XCConfigurationList section */
	};
	rootObject = 84AFFBF528CCCC59001AA8AB /* Project object */;
}
